
Microsoft Visual Studio Solution File, Format Version 12.00
# Visual Studio Version 17
VisualStudioVersion = 17.12.35527.113
MinimumVisualStudioVersion = 10.0.40219.1
Project("{2150E333-8FDC-42A3-9474-1A3956D46DE8}") = "src", "src", "{26D2F074-CB59-47B5-9BE4-D074CE51DAD5}"
EndProject
Project("{FAE04EC0-301F-11D3-BF4B-00C04F79EFBC}") = "Bookify.Domain", "Bookify.Domain\Bookify.Domain.csproj", "{63F2B7F9-78EC-4CF9-A432-C3376521BFB7}"
EndProject
Global
	GlobalSection(SolutionConfigurationPlatforms) = preSolution
		Debug|Any CPU = Debug|Any CPU
		Release|Any CPU = Release|Any CPU
	EndGlobalSection
	GlobalSection(ProjectConfigurationPlatforms) = postSolution
		{63F2B7F9-78EC-4CF9-A432-C3376521BFB7}.Debug|Any CPU.ActiveCfg = Debug|Any CPU
		{63F2B7F9-78EC-4CF9-A432-C3376521BFB7}.Debug|Any CPU.Build.0 = Debug|Any CPU
		{63F2B7F9-78EC-4CF9-A432-C3376521BFB7}.Release|Any CPU.ActiveCfg = Release|Any CPU
		{63F2B7F9-78EC-4CF9-A432-C3376521BFB7}.Release|Any CPU.Build.0 = Release|Any CPU
	EndGlobalSection
	GlobalSection(SolutionProperties) = preSolution
		HideSolutionNode = FALSE
	EndGlobalSection
	GlobalSection(NestedProjects) = preSolution
		{63F2B7F9-78EC-4CF9-A432-C3376521BFB7} = {26D2F074-CB59-47B5-9BE4-D074CE51DAD5}
	EndGlobalSection
EndGlobal
